
Microsoft Visual Studio Solution File, Format Version 11.00
# Visual Studio 2010
Project("{FAE04EC0-301F-11D3-BF4B-00C04F79EFBC}") = "DAL", "..\DAL\DAL.csproj", "{6A5938DD-C07E-457E-A390-145C5A72B01F}"
EndProject
Project("{FAE04EC0-301F-11D3-BF4B-00C04F79EFBC}") = "web", "web\web.csproj", "{F9090B51-C1B0-4783-9D01-C783ED84E08F}"
EndProject
Project("{FAE04EC0-301F-11D3-BF4B-00C04F79EFBC}") = "BLL", "..\BLL\BLL\BLL.csproj", "{FAB2D375-26D0-4335-8EEE-40E765451788}"
EndProject
Global
	GlobalSection(SolutionConfigurationPlatforms) = preSolution
		Debug|Any CPU = Debug|Any CPU
		Release|Any CPU = Release|Any CPU
	EndGlobalSection
	GlobalSection(ProjectConfigurationPlatforms) = postSolution
		{6A5938DD-C07E-457E-A390-145C5A72B01F}.Debug|Any CPU.ActiveCfg = Debug|Any CPU
		{6A5938DD-C07E-457E-A390-145C5A72B01F}.Debug|Any CPU.Build.0 = Debug|Any CPU
		{6A5938DD-C07E-457E-A390-145C5A72B01F}.Release|Any CPU.ActiveCfg = Release|Any CPU
		{6A5938DD-C07E-457E-A390-145C5A72B01F}.Release|Any CPU.Build.0 = Release|Any CPU
		{F9090B51-C1B0-4783-9D01-C783ED84E08F}.Debug|Any CPU.ActiveCfg = Debug|Any CPU
		{F9090B51-C1B0-4783-9D01-C783ED84E08F}.Debug|Any CPU.Build.0 = Debug|Any CPU
		{F9090B51-C1B0-4783-9D01-C783ED84E08F}.Release|Any CPU.ActiveCfg = Release|Any CPU
		{F9090B51-C1B0-4783-9D01-C783ED84E08F}.Release|Any CPU.Build.0 = Release|Any CPU
		{FAB2D375-26D0-4335-8EEE-40E765451788}.Debug|Any CPU.ActiveCfg = Debug|Any CPU
		{FAB2D375-26D0-4335-8EEE-40E765451788}.Debug|Any CPU.Build.0 = Debug|Any CPU
		{FAB2D375-26D0-4335-8EEE-40E765451788}.Release|Any CPU.ActiveCfg = Release|Any CPU
		{FAB2D375-26D0-4335-8EEE-40E765451788}.Release|Any CPU.Build.0 = Release|Any CPU
	EndGlobalSection
	GlobalSection(SolutionProperties) = preSolution
		HideSolutionNode = FALSE
	EndGlobalSection
EndGlobal
